
Microsoft Visual Studio Solution File, Format Version 12.00
# Visual Studio 15
VisualStudioVersion = 15.0.28307.1209
MinimumVisualStudioVersion = 10.0.40219.1
Project("{FAE04EC0-301F-11D3-BF4B-00C04F79EFBC}") = "TareaNo1_3_Problema2", "TareaNo1_3_Problema2\TareaNo1_3_Problema2.csproj", "{750C5F8A-923F-46B1-B6D5-C112B59F2496}"
EndProject
Global
	GlobalSection(SolutionConfigurationPlatforms) = preSolution
		Debug|Any CPU = Debug|Any CPU
		Release|Any CPU = Release|Any CPU
	EndGlobalSection
	GlobalSection(ProjectConfigurationPlatforms) = postSolution
		{750C5F8A-923F-46B1-B6D5-C112B59F2496}.Debug|Any CPU.ActiveCfg = Debug|Any CPU
		{750C5F8A-923F-46B1-B6D5-C112B59F2496}.Debug|Any CPU.Build.0 = Debug|Any CPU
		{750C5F8A-923F-46B1-B6D5-C112B59F2496}.Release|Any CPU.ActiveCfg = Release|Any CPU
		{750C5F8A-923F-46B1-B6D5-C112B59F2496}.Release|Any CPU.Build.0 = Release|Any CPU
	EndGlobalSection
	GlobalSection(SolutionProperties) = preSolution
		HideSolutionNode = FALSE
	EndGlobalSection
	GlobalSection(ExtensibilityGlobals) = postSolution
		SolutionGuid = {E4B1B506-D267-4EE6-97A9-A56DA15A31F7}
	EndGlobalSection
EndGlobal
